
Microsoft Visual Studio Solution File, Format Version 12.00
# Visual Studio 15
VisualStudioVersion = 15.0.26430.6
MinimumVisualStudioVersion = 10.0.40219.1
Project("{FAE04EC0-301F-11D3-BF4B-00C04F79EFBC}") = "WcfService", "WcfService\WcfService.csproj", "{E434CFF4-7F98-4644-8E52-26D3045CDF24}"
EndProject
Project("{FAE04EC0-301F-11D3-BF4B-00C04F79EFBC}") = "WebApi", "WebApi\WebApi.csproj", "{EFE46053-8767-4C66-AA82-CAACA9AF81EA}"
	ProjectSection(ProjectDependencies) = postProject
		{E434CFF4-7F98-4644-8E52-26D3045CDF24} = {E434CFF4-7F98-4644-8E52-26D3045CDF24}
	EndProjectSection
EndProject
Project("{FAE04EC0-301F-11D3-BF4B-00C04F79EFBC}") = "AppService.Interface", "AppService.Interface\AppService.Interface.csproj", "{D43FB775-7988-482A-AA51-50E59A2D0056}"
EndProject
Project("{FAE04EC0-301F-11D3-BF4B-00C04F79EFBC}") = "AppService", "AppService\AppService.csproj", "{DCEF852A-951B-48BD-921F-1A6A4418D2C4}"
EndProject
Project("{FAE04EC0-301F-11D3-BF4B-00C04F79EFBC}") = "ConsoleApp", "ConsoleApp\ConsoleApp.csproj", "{1F00B75D-5D51-43D7-ABD7-662D0A14C2E1}"
	ProjectSection(ProjectDependencies) = postProject
		{E434CFF4-7F98-4644-8E52-26D3045CDF24} = {E434CFF4-7F98-4644-8E52-26D3045CDF24}
	EndProjectSection
EndProject
Global
	GlobalSection(SolutionConfigurationPlatforms) = preSolution
		Debug|Any CPU = Debug|Any CPU
		Release|Any CPU = Release|Any CPU
	EndGlobalSection
	GlobalSection(ProjectConfigurationPlatforms) = postSolution
		{E434CFF4-7F98-4644-8E52-26D3045CDF24}.Debug|Any CPU.ActiveCfg = Debug|Any CPU
		{E434CFF4-7F98-4644-8E52-26D3045CDF24}.Debug|Any CPU.Build.0 = Debug|Any CPU
		{E434CFF4-7F98-4644-8E52-26D3045CDF24}.Release|Any CPU.ActiveCfg = Release|Any CPU
		{E434CFF4-7F98-4644-8E52-26D3045CDF24}.Release|Any CPU.Build.0 = Release|Any CPU
		{EFE46053-8767-4C66-AA82-CAACA9AF81EA}.Debug|Any CPU.ActiveCfg = Debug|Any CPU
		{EFE46053-8767-4C66-AA82-CAACA9AF81EA}.Debug|Any CPU.Build.0 = Debug|Any CPU
		{EFE46053-8767-4C66-AA82-CAACA9AF81EA}.Release|Any CPU.ActiveCfg = Release|Any CPU
		{EFE46053-8767-4C66-AA82-CAACA9AF81EA}.Release|Any CPU.Build.0 = Release|Any CPU
		{D43FB775-7988-482A-AA51-50E59A2D0056}.Debug|Any CPU.ActiveCfg = Debug|Any CPU
		{D43FB775-7988-482A-AA51-50E59A2D0056}.Debug|Any CPU.Build.0 = Debug|Any CPU
		{D43FB775-7988-482A-AA51-50E59A2D0056}.Release|Any CPU.ActiveCfg = Release|Any CPU
		{D43FB775-7988-482A-AA51-50E59A2D0056}.Release|Any CPU.Build.0 = Release|Any CPU
		{DCEF852A-951B-48BD-921F-1A6A4418D2C4}.Debug|Any CPU.ActiveCfg = Debug|Any CPU
		{DCEF852A-951B-48BD-921F-1A6A4418D2C4}.Debug|Any CPU.Build.0 = Debug|Any CPU
		{DCEF852A-951B-48BD-921F-1A6A4418D2C4}.Release|Any CPU.ActiveCfg = Release|Any CPU
		{DCEF852A-951B-48BD-921F-1A6A4418D2C4}.Release|Any CPU.Build.0 = Release|Any CPU
		{1F00B75D-5D51-43D7-ABD7-662D0A14C2E1}.Debug|Any CPU.ActiveCfg = Debug|Any CPU
		{1F00B75D-5D51-43D7-ABD7-662D0A14C2E1}.Debug|Any CPU.Build.0 = Debug|Any CPU
		{1F00B75D-5D51-43D7-ABD7-662D0A14C2E1}.Release|Any CPU.ActiveCfg = Release|Any CPU
		{1F00B75D-5D51-43D7-ABD7-662D0A14C2E1}.Release|Any CPU.Build.0 = Release|Any CPU
	EndGlobalSection
	GlobalSection(SolutionProperties) = preSolution
		HideSolutionNode = FALSE
	EndGlobalSection
EndGlobal
